github.com/Minizbot2012/minxdr v0.0.0-20211128051657-16f8bd94f749 h1:x7qoX7Lh5AFaYDsbQZKNFHpixY6ek2X1ud+j4qK7R6c=
github.com/Minizbot2012/minxdr v0.0.0-20211128051657-16f8bd94f749/go.mod h1:Qtnd0s9q5lVY7qtAGJPYVsRsfNLsIMVhxYqm01ohZJk=
github.com/minizbot2012/minxdr v0.0.0-20210801163755-568fb466e98d h1:DU2lr4XDQnWR//L3rDlyqF8hPjy78NAUU/dYIHix1So=
github.com/minizbot2012/minxdr v0.0.0-20210801163755-568fb466e98d/go.mod h1:/f3HTVitNhL2hl4VdOCar3rLHlLc5pSogj2Yp4OQRY0=
